
Microsoft Visual Studio Solution File, Format Version 12.00
# Visual Studio Version 17
VisualStudioVersion = 17.0.31903.59
MinimumVisualStudioVersion = 10.0.40219.1
Project("{FAE04EC0-301F-11D3-BF4B-00C04F79EFBC}") = "API", "API\API.csproj", "{267542E9-12D6-4B7B-B220-5CDAD2EA7642}"
EndProject
Project("{FAE04EC0-301F-11D3-BF4B-00C04F79EFBC}") = "UI", "UI\UI.csproj", "{DB1FD63C-F4E8-470E-9066-AB9E6B272934}"
EndProject
Project("{FAE04EC0-301F-11D3-BF4B-00C04F79EFBC}") = "Business", "Business\Business.csproj", "{A893EF75-975C-4BC9-9DB7-EADC8C5163B5}"
EndProject
Project("{FAE04EC0-301F-11D3-BF4B-00C04F79EFBC}") = "Domain", "Domain\Domain.csproj", "{A7CBB19C-AFDD-4D44-98F0-10E3FC980D41}"
EndProject
Project("{FAE04EC0-301F-11D3-BF4B-00C04F79EFBC}") = "Infrastructure", "Infrastructure\Infrastructure.csproj", "{B992C762-E4AD-46BD-9568-D433D39F0342}"
EndProject
Global
	GlobalSection(SolutionConfigurationPlatforms) = preSolution
		Debug|Any CPU = Debug|Any CPU
		Debug|x64 = Debug|x64
		Debug|x86 = Debug|x86
		Release|Any CPU = Release|Any CPU
		Release|x64 = Release|x64
		Release|x86 = Release|x86
	EndGlobalSection
	GlobalSection(ProjectConfigurationPlatforms) = postSolution
		{267542E9-12D6-4B7B-B220-5CDAD2EA7642}.Debug|Any CPU.ActiveCfg = Debug|Any CPU
		{267542E9-12D6-4B7B-B220-5CDAD2EA7642}.Debug|Any CPU.Build.0 = Debug|Any CPU
		{267542E9-12D6-4B7B-B220-5CDAD2EA7642}.Debug|x64.ActiveCfg = Debug|Any CPU
		{267542E9-12D6-4B7B-B220-5CDAD2EA7642}.Debug|x64.Build.0 = Debug|Any CPU
		{267542E9-12D6-4B7B-B220-5CDAD2EA7642}.Debug|x86.ActiveCfg = Debug|Any CPU
		{267542E9-12D6-4B7B-B220-5CDAD2EA7642}.Debug|x86.Build.0 = Debug|Any CPU
		{267542E9-12D6-4B7B-B220-5CDAD2EA7642}.Release|Any CPU.ActiveCfg = Release|Any CPU
		{267542E9-12D6-4B7B-B220-5CDAD2EA7642}.Release|Any CPU.Build.0 = Release|Any CPU
		{267542E9-12D6-4B7B-B220-5CDAD2EA7642}.Release|x64.ActiveCfg = Release|Any CPU
		{267542E9-12D6-4B7B-B220-5CDAD2EA7642}.Release|x64.Build.0 = Release|Any CPU
		{267542E9-12D6-4B7B-B220-5CDAD2EA7642}.Release|x86.ActiveCfg = Release|Any CPU
		{267542E9-12D6-4B7B-B220-5CDAD2EA7642}.Release|x86.Build.0 = Release|Any CPU
		{DB1FD63C-F4E8-470E-9066-AB9E6B272934}.Debug|Any CPU.ActiveCfg = Debug|Any CPU
		{DB1FD63C-F4E8-470E-9066-AB9E6B272934}.Debug|Any CPU.Build.0 = Debug|Any CPU
		{DB1FD63C-F4E8-470E-9066-AB9E6B272934}.Debug|x64.ActiveCfg = Debug|Any CPU
		{DB1FD63C-F4E8-470E-9066-AB9E6B272934}.Debug|x64.Build.0 = Debug|Any CPU
		{DB1FD63C-F4E8-470E-9066-AB9E6B272934}.Debug|x86.ActiveCfg = Debug|Any CPU
		{DB1FD63C-F4E8-470E-9066-AB9E6B272934}.Debug|x86.Build.0 = Debug|Any CPU
		{DB1FD63C-F4E8-470E-9066-AB9E6B272934}.Release|Any CPU.ActiveCfg = Release|Any CPU
		{DB1FD63C-F4E8-470E-9066-AB9E6B272934}.Release|Any CPU.Build.0 = Release|Any CPU
		{DB1FD63C-F4E8-470E-9066-AB9E6B272934}.Release|x64.ActiveCfg = Release|Any CPU
		{DB1FD63C-F4E8-470E-9066-AB9E6B272934}.Release|x64.Build.0 = Release|Any CPU
		{DB1FD63C-F4E8-470E-9066-AB9E6B272934}.Release|x86.ActiveCfg = Release|Any CPU
		{DB1FD63C-F4E8-470E-9066-AB9E6B272934}.Release|x86.Build.0 = Release|Any CPU
		{A893EF75-975C-4BC9-9DB7-EADC8C5163B5}.Debug|Any CPU.ActiveCfg = Debug|Any CPU
		{A893EF75-975C-4BC9-9DB7-EADC8C5163B5}.Debug|Any CPU.Build.0 = Debug|Any CPU
		{A893EF75-975C-4BC9-9DB7-EADC8C5163B5}.Debug|x64.ActiveCfg = Debug|Any CPU
		{A893EF75-975C-4BC9-9DB7-EADC8C5163B5}.Debug|x64.Build.0 = Debug|Any CPU
		{A893EF75-975C-4BC9-9DB7-EADC8C5163B5}.Debug|x86.ActiveCfg = Debug|Any CPU
		{A893EF75-975C-4BC9-9DB7-EADC8C5163B5}.Debug|x86.Build.0 = Debug|Any CPU
		{A893EF75-975C-4BC9-9DB7-EADC8C5163B5}.Release|Any CPU.ActiveCfg = Release|Any CPU
		{A893EF75-975C-4BC9-9DB7-EADC8C5163B5}.Release|Any CPU.Build.0 = Release|Any CPU
		{A893EF75-975C-4BC9-9DB7-EADC8C5163B5}.Release|x64.ActiveCfg = Release|Any CPU
		{A893EF75-975C-4BC9-9DB7-EADC8C5163B5}.Release|x64.Build.0 = Release|Any CPU
		{A893EF75-975C-4BC9-9DB7-EADC8C5163B5}.Release|x86.ActiveCfg = Release|Any CPU
		{A893EF75-975C-4BC9-9DB7-EADC8C5163B5}.Release|x86.Build.0 = Release|Any CPU
		{A7CBB19C-AFDD-4D44-98F0-10E3FC980D41}.Debug|Any CPU.ActiveCfg = Debug|Any CPU
		{A7CBB19C-AFDD-4D44-98F0-10E3FC980D41}.Debug|Any CPU.Build.0 = Debug|Any CPU
		{A7CBB19C-AFDD-4D44-98F0-10E3FC980D41}.Debug|x64.ActiveCfg = Debug|Any CPU
		{A7CBB19C-AFDD-4D44-98F0-10E3FC980D41}.Debug|x64.Build.0 = Debug|Any CPU
		{A7CBB19C-AFDD-4D44-98F0-10E3FC980D41}.Debug|x86.ActiveCfg = Debug|Any CPU
		{A7CBB19C-AFDD-4D44-98F0-10E3FC980D41}.Debug|x86.Build.0 = Debug|Any CPU
		{A7CBB19C-AFDD-4D44-98F0-10E3FC980D41}.Release|Any CPU.ActiveCfg = Release|Any CPU
		{A7CBB19C-AFDD-4D44-98F0-10E3FC980D41}.Release|Any CPU.Build.0 = Release|Any CPU
		{A7CBB19C-AFDD-4D44-98F0-10E3FC980D41}.Release|x64.ActiveCfg = Release|Any CPU
		{A7CBB19C-AFDD-4D44-98F0-10E3FC980D41}.Release|x64.Build.0 = Release|Any CPU
		{A7CBB19C-AFDD-4D44-98F0-10E3FC980D41}.Release|x86.ActiveCfg = Release|Any CPU
		{A7CBB19C-AFDD-4D44-98F0-10E3FC980D41}.Release|x86.Build.0 = Release|Any CPU
		{B992C762-E4AD-46BD-9568-D433D39F0342}.Debug|Any CPU.ActiveCfg = Debug|Any CPU
		{B992C762-E4AD-46BD-9568-D433D39F0342}.Debug|Any CPU.Build.0 = Debug|Any CPU
		{B992C762-E4AD-46BD-9568-D433D39F0342}.Debug|x64.ActiveCfg = Debug|Any CPU
		{B992C762-E4AD-46BD-9568-D433D39F0342}.Debug|x64.Build.0 = Debug|Any CPU
		{B992C762-E4AD-46BD-9568-D433D39F0342}.Debug|x86.ActiveCfg = Debug|Any CPU
		{B992C762-E4AD-46BD-9568-D433D39F0342}.Debug|x86.Build.0 = Debug|Any CPU
		{B992C762-E4AD-46BD-9568-D433D39F0342}.Release|Any CPU.ActiveCfg = Release|Any CPU
		{B992C762-E4AD-46BD-9568-D433D39F0342}.Release|Any CPU.Build.0 = Release|Any CPU
		{B992C762-E4AD-46BD-9568-D433D39F0342}.Release|x64.ActiveCfg = Release|Any CPU
		{B992C762-E4AD-46BD-9568-D433D39F0342}.Release|x64.Build.0 = Release|Any CPU
		{B992C762-E4AD-46BD-9568-D433D39F0342}.Release|x86.ActiveCfg = Release|Any CPU
		{B992C762-E4AD-46BD-9568-D433D39F0342}.Release|x86.Build.0 = Release|Any CPU
	EndGlobalSection
	GlobalSection(SolutionProperties) = preSolution
		HideSolutionNode = FALSE
	EndGlobalSection
EndGlobal
